
Microsoft Visual Studio Solution File, Format Version 12.00
# Visual Studio Version 16
VisualStudioVersion = 16.0.29509.3
MinimumVisualStudioVersion = 10.0.40219.1
Project("{9A19103F-16F7-4668-BE54-9A1E7A4F7556}") = "Sirena.Books.Api", "Sirena.Books.Api\Sirena.Books.Api.csproj", "{BCC9601C-472A-483B-B4F4-3F822B4C0B8D}"
EndProject
Project("{9A19103F-16F7-4668-BE54-9A1E7A4F7556}") = "Sirena.Books.Domain", "Sirena.Books.Domain\Sirena.Books.Domain.csproj", "{F2EE547D-E4B3-46C0-AC27-DE3F6F45FF1D}"
EndProject
Project("{9A19103F-16F7-4668-BE54-9A1E7A4F7556}") = "Sirena.Books.Infrastructure", "Sirena.Books.Infrastructure\Sirena.Books.Infrastructure.csproj", "{F09A2C57-AB53-4FE6-8CE9-66B9D7CD15EE}"
EndProject
Project("{FAE04EC0-301F-11D3-BF4B-00C04F79EFBC}") = "Sirena.Books.Tests", "Sirena.Books.Tests\Sirena.Books.Tests.csproj", "{180977E4-F4F7-4784-8A63-F0E753DE4422}"
EndProject
Global
	GlobalSection(SolutionConfigurationPlatforms) = preSolution
		Debug|Any CPU = Debug|Any CPU
		Release|Any CPU = Release|Any CPU
	EndGlobalSection
	GlobalSection(ProjectConfigurationPlatforms) = postSolution
		{BCC9601C-472A-483B-B4F4-3F822B4C0B8D}.Debug|Any CPU.ActiveCfg = Debug|Any CPU
		{BCC9601C-472A-483B-B4F4-3F822B4C0B8D}.Debug|Any CPU.Build.0 = Debug|Any CPU
		{BCC9601C-472A-483B-B4F4-3F822B4C0B8D}.Release|Any CPU.ActiveCfg = Release|Any CPU
		{BCC9601C-472A-483B-B4F4-3F822B4C0B8D}.Release|Any CPU.Build.0 = Release|Any CPU
		{F2EE547D-E4B3-46C0-AC27-DE3F6F45FF1D}.Debug|Any CPU.ActiveCfg = Debug|Any CPU
		{F2EE547D-E4B3-46C0-AC27-DE3F6F45FF1D}.Debug|Any CPU.Build.0 = Debug|Any CPU
		{F2EE547D-E4B3-46C0-AC27-DE3F6F45FF1D}.Release|Any CPU.ActiveCfg = Release|Any CPU
		{F2EE547D-E4B3-46C0-AC27-DE3F6F45FF1D}.Release|Any CPU.Build.0 = Release|Any CPU
		{F09A2C57-AB53-4FE6-8CE9-66B9D7CD15EE}.Debug|Any CPU.ActiveCfg = Debug|Any CPU
		{F09A2C57-AB53-4FE6-8CE9-66B9D7CD15EE}.Debug|Any CPU.Build.0 = Debug|Any CPU
		{F09A2C57-AB53-4FE6-8CE9-66B9D7CD15EE}.Release|Any CPU.ActiveCfg = Release|Any CPU
		{F09A2C57-AB53-4FE6-8CE9-66B9D7CD15EE}.Release|Any CPU.Build.0 = Release|Any CPU
		{180977E4-F4F7-4784-8A63-F0E753DE4422}.Debug|Any CPU.ActiveCfg = Debug|Any CPU
		{180977E4-F4F7-4784-8A63-F0E753DE4422}.Debug|Any CPU.Build.0 = Debug|Any CPU
		{180977E4-F4F7-4784-8A63-F0E753DE4422}.Release|Any CPU.ActiveCfg = Release|Any CPU
		{180977E4-F4F7-4784-8A63-F0E753DE4422}.Release|Any CPU.Build.0 = Release|Any CPU
	EndGlobalSection
	GlobalSection(SolutionProperties) = preSolution
		HideSolutionNode = FALSE
	EndGlobalSection
	GlobalSection(ExtensibilityGlobals) = postSolution
		SolutionGuid = {5DC4CCC3-27CB-422C-904D-720DA48ABBB0}
	EndGlobalSection
EndGlobal
